PODS:
  - Alamofire (4.7.3)
  - ChromaColorPicker (1.7)
  - CocoaAsyncSocket (7.6.3)
  - CocoaMQTT (1.1.2):
    - CocoaAsyncSocket (~> 7.6.1)
    - SwiftyTimer (~> 2.0.0)
  - Disk (0.3.3)
  - DLLocalNotifications (0.06)
  - Gridicons (0.16)
  - IHKeyboardAvoiding (4.3)
  - Kingfisher (4.9.0)
  - mob_paysdk (1.0.0):
    - mob_paysdk/PaySDK (= 1.0.0)
    - MOBFoundation
  - mob_paysdk/Channels/WeChat (1.0.0):
    - mob_paysdk/PaySDK
    - MOBFoundation
  - mob_paysdk/PaySDK (1.0.0):
    - MOBFoundation
  - MOBFoundation (3.1.8)
  - Moya/Core (11.0.2):
    - Alamofire (~> 4.1)
    - Result (~> 3.0)
  - Moya/RxSwift (11.0.2):
    - Moya/Core
    - RxSwift (~> 4.0)
  - PKHUD (5.1.0)
  - QRCodeReader.swift (8.2.0)
  - R.swift (4.0.0):
    - R.swift.Library (~> 4.0.0)
  - R.swift.Library (4.0.0)
  - Result (3.2.4)
  - RxCocoa (4.2.0):
    - RxSwift (~> 4.0)
  - RxSwift (4.2.0)
  - SwiftyTimer (2.0.0)
  - WordPress-Aztec-iOS (1.0.0)
  - WordPress-Editor-iOS (1.0.0):
    - WordPress-Aztec-iOS (= 1.0.0)

DEPENDENCIES:
  - Alamofire
  - ChromaColorPicker
  - CocoaMQTT
  - Disk (~> 0.3.3)
  - DLLocalNotifications
  - Gridicons
  - IHKeyboardAvoiding (~> 4.0)
  - Kingfisher
  - mob_paysdk
  - mob_paysdk/Channels/WeChat
  - Moya/RxSwift
  - PKHUD
  - QRCodeReader.swift (~> 8.2.0)
  - R.swift
  - RxCocoa (~> 4.0)
  - WordPress-Aztec-iOS (= 1.0.0)
  - WordPress-Editor-iOS (= 1.0.0)

SPEC REPOS:
  https://github.com/cocoapods/specs.git:
    - Alamofire
    - ChromaColorPicker
    - CocoaAsyncSocket
    - CocoaMQTT
    - Disk
    - DLLocalNotifications
    - Gridicons
    - IHKeyboardAvoiding
    - Kingfisher
    - mob_paysdk
    - MOBFoundation
    - Moya
    - PKHUD
    - QRCodeReader.swift
    - R.swift
    - R.swift.Library
    - Result
    - RxCocoa
    - RxSwift
    - SwiftyTimer
    - WordPress-Aztec-iOS
    - WordPress-Editor-iOS

SPEC CHECKSUMS:
  Alamofire: c7287b6e5d7da964a70935e5db17046b7fde6568
  ChromaColorPicker: 33efa67b17cca51dd253689d18b83ac7e05642c2
  CocoaAsyncSocket: eafaa68a7e0ec99ead0a7b35015e0bf25d2c8987
  CocoaMQTT: d33ab3cd4e329f9f1cfbb62e25306a318a606616
  Disk: d1f55cd61f6ca20f368232d0c6e37e3c3dfcb63e
  DLLocalNotifications: 751d53da896bc396bb23d4d3570b7fd3c7654e4e
  Gridicons: 8cc5cb666d5ad8b8f1771d3c7a93d27ae25b7c2e
  IHKeyboardAvoiding: e6a8f06434baf4c3b45825c3eedb35cea5d0d76b
  Kingfisher: 64539b51826b778206daa6ed815d12653caa69dd
  mob_paysdk: 6ca4412389736281c0876726bca11617d14a38ae
  MOBFoundation: 7f1e157be332576e4d45809a03bc733292c6ad8d
  Moya: a725035953bc1c0eb1be505ab903984501d82440
  PKHUD: 62ea46a1e88c4def1da784878d199bb54c841e3c
  QRCodeReader.swift: 003eb32f18a5a675b936ec82ba0ff368cddbff45
  R.swift: d6a5ec2f55a8441dc0ed9f1f8b37d7d11ae85c66
  R.swift.Library: c3af34921024333546e23b70e70d0b4e0cffca75
  Result: d2d07204ce72856f1fd9130bbe42c35a7b0fea10
  RxCocoa: 0b54909c902e1e581212a03e690bbd94032d8baa
  RxSwift: 99e10317ddfcc7fbe01356aafd118fde4a0be104
  SwiftyTimer: 2efd74b060d69ad4f1496baf5bbedbe132125fcf
  WordPress-Aztec-iOS: cea2bedf9b807d862ad331a080c98292e355f144
  WordPress-Editor-iOS: c997f66a110cdee3317ccaaa5e6b2a09a2e5444a

PODFILE CHECKSUM: 10db17b10b6255941b1fc6e4b5f1cd373105363b

COCOAPODS: 1.5.3
